
Microsoft Visual Studio Solution File, Format Version 12.00
# Visual Studio 15
Project("{FAE04EC0-301F-11D3-BF4B-00C04F79EFBC}") = "Assembly-CSharp", "Assembly-CSharp.csproj", "{69D5A644-7519-96CF-859B-F1D3AB3749C8}"
EndProject
Project("{FAE04EC0-301F-11D3-BF4B-00C04F79EFBC}") = "Assembly-CSharp-Editor", "Assembly-CSharp-Editor.csproj", "{BD3CABB6-1611-0CED-321E-2C3A53631236}"
EndProject
Global
	GlobalSection(SolutionConfigurationPlatforms) = preSolution
		Debug|Any CPU = Debug|Any CPU
		Release|Any CPU = Release|Any CPU
	EndGlobalSection
	GlobalSection(ProjectConfigurationPlatforms) = postSolution
		{69D5A644-7519-96CF-859B-F1D3AB3749C8}.Debug|Any CPU.ActiveCfg = Debug|Any CPU
		{69D5A644-7519-96CF-859B-F1D3AB3749C8}.Debug|Any CPU.Build.0 = Debug|Any CPU
		{69D5A644-7519-96CF-859B-F1D3AB3749C8}.Release|Any CPU.ActiveCfg = Release|Any CPU
		{69D5A644-7519-96CF-859B-F1D3AB3749C8}.Release|Any CPU.Build.0 = Release|Any CPU
		{BD3CABB6-1611-0CED-321E-2C3A53631236}.Debug|Any CPU.ActiveCfg = Debug|Any CPU
		{BD3CABB6-1611-0CED-321E-2C3A53631236}.Debug|Any CPU.Build.0 = Debug|Any CPU
		{BD3CABB6-1611-0CED-321E-2C3A53631236}.Release|Any CPU.ActiveCfg = Release|Any CPU
		{BD3CABB6-1611-0CED-321E-2C3A53631236}.Release|Any CPU.Build.0 = Release|Any CPU
	EndGlobalSection
	GlobalSection(SolutionProperties) = preSolution
		HideSolutionNode = FALSE
	EndGlobalSection
EndGlobal
